
Microsoft Visual Studio Solution File, Format Version 12.00
# Visual Studio Version 17
VisualStudioVersion = 17.11.35312.102
MinimumVisualStudioVersion = 10.0.40219.1
Project("{9A19103F-16F7-4668-BE54-9A1E7A4F7556}") = "GildedRose", "GildedRose\GildedRose.csproj", "{BFC5A1DC-5F09-4D88-8006-85810DA2ACF1}"
EndProject
Project("{9A19103F-16F7-4668-BE54-9A1E7A4F7556}") = "GildedRoseTests", "GildedRoseTests\GildedRoseTests.csproj", "{D26E023D-611B-4BD9-B349-AA3A97DD7DDE}"
EndProject
Global
	GlobalSection(SolutionConfigurationPlatforms) = preSolution
		Debug|Any CPU = Debug|Any CPU
		Release|Any CPU = Release|Any CPU
	EndGlobalSection
	GlobalSection(ProjectConfigurationPlatforms) = postSolution
		{BFC5A1DC-5F09-4D88-8006-85810DA2ACF1}.Debug|Any CPU.ActiveCfg = Debug|Any CPU
		{BFC5A1DC-5F09-4D88-8006-85810DA2ACF1}.Debug|Any CPU.Build.0 = Debug|Any CPU
		{BFC5A1DC-5F09-4D88-8006-85810DA2ACF1}.Release|Any CPU.ActiveCfg = Release|Any CPU
		{BFC5A1DC-5F09-4D88-8006-85810DA2ACF1}.Release|Any CPU.Build.0 = Release|Any CPU
		{D26E023D-611B-4BD9-B349-AA3A97DD7DDE}.Debug|Any CPU.ActiveCfg = Debug|Any CPU
		{D26E023D-611B-4BD9-B349-AA3A97DD7DDE}.Debug|Any CPU.Build.0 = Debug|Any CPU
		{D26E023D-611B-4BD9-B349-AA3A97DD7DDE}.Release|Any CPU.ActiveCfg = Release|Any CPU
		{D26E023D-611B-4BD9-B349-AA3A97DD7DDE}.Release|Any CPU.Build.0 = Release|Any CPU
	EndGlobalSection
	GlobalSection(SolutionProperties) = preSolution
		HideSolutionNode = FALSE
	EndGlobalSection
	GlobalSection(ExtensibilityGlobals) = postSolution
		SolutionGuid = {F4D0E761-354C-4D3E-8C29-E6BCE16E0C1D}
	EndGlobalSection
EndGlobal
